// !$*UTF8*$!
{
	archiveVersion = 1;
	classes = {
	};
	objectVersion = 46;
	objects = {

/* Begin PBXBuildFile section */
		2DBA199D715CB9F9F221C64F /* AuthenticationProvider.swift in Sources */ = {isa = PBXBuildFile; fileRef = 2DBA148B5267890BF32415C1 /* AuthenticationProvider.swift */; };
		2DBA1BF359A5E69874D5F3C4 /* AuthenticationProviderTests.swift in Sources */ = {isa = PBXBuildFile; fileRef = 2DBA1C266AF6773B5C5DA5A8 /* AuthenticationProviderTests.swift */; };
		FAD3E3C621D7D5BE002A05F6 /* URLQueryItem+ExpresibleByDictionaryLiteral.swift in Sources */ = {isa = PBXBuildFile; fileRef = FAD3E3B521D7D5BE002A05F6 /* URLQueryItem+ExpresibleByDictionaryLiteral.swift */; };
		FAD3E3C721D7D5BE002A05F6 /* MediaType.swift in Sources */ = {isa = PBXBuildFile; fileRef = FAD3E3B621D7D5BE002A05F6 /* MediaType.swift */; };
		FAD3E3C821D7D5BE002A05F6 /* Request.swift in Sources */ = {isa = PBXBuildFile; fileRef = FAD3E3B721D7D5BE002A05F6 /* Request.swift */; };
		FAD3E3C921D7D5BE002A05F6 /* HTTPMethod.swift in Sources */ = {isa = PBXBuildFile; fileRef = FAD3E3B821D7D5BE002A05F6 /* HTTPMethod.swift */; };
		FAD3E3CA21D7D5BE002A05F6 /* RequestConvertible.swift in Sources */ = {isa = PBXBuildFile; fileRef = FAD3E3B921D7D5BE002A05F6 /* RequestConvertible.swift */; };
		FAD3E3CB21D7D5BE002A05F6 /* Field.swift in Sources */ = {isa = PBXBuildFile; fileRef = FAD3E3BA21D7D5BE002A05F6 /* Field.swift */; };
		FAD3E3CD21D7D5BE002A05F6 /* URL+StaticString.swift in Sources */ = {isa = PBXBuildFile; fileRef = FAD3E3BC21D7D5BE002A05F6 /* URL+StaticString.swift */; };
		FAD3E3CE21D7D5BE002A05F6 /* ResponseDecoder.swift in Sources */ = {isa = PBXBuildFile; fileRef = FAD3E3BD21D7D5BE002A05F6 /* ResponseDecoder.swift */; };
		FAD3E3CF21D7D5BE002A05F6 /* DefaultValue.swift in Sources */ = {isa = PBXBuildFile; fileRef = FAD3E3BE21D7D5BE002A05F6 /* DefaultValue.swift */; };
		FAD3E3D021D7D5BE002A05F6 /* Header.swift in Sources */ = {isa = PBXBuildFile; fileRef = FAD3E3BF21D7D5BE002A05F6 /* Header.swift */; };
		FAD3E3D121D7D5BE002A05F6 /* RequestError.swift in Sources */ = {isa = PBXBuildFile; fileRef = FAD3E3C021D7D5BE002A05F6 /* RequestError.swift */; };
		FAD3E3D221D7D5BE002A05F6 /* CaseInsensitiveString.swift in Sources */ = {isa = PBXBuildFile; fileRef = FAD3E3C121D7D5BE002A05F6 /* CaseInsensitiveString.swift */; };
		FAD3E3D321D7D5BE002A05F6 /* BodyProvider.swift in Sources */ = {isa = PBXBuildFile; fileRef = FAD3E3C221D7D5BE002A05F6 /* BodyProvider.swift */; };
		FAD3E3D421D7D5BE002A05F6 /* URLSession+Requests.swift in Sources */ = {isa = PBXBuildFile; fileRef = FAD3E3C421D7D5BE002A05F6 /* URLSession+Requests.swift */; };
		FAD3E3D521D7D5BE002A05F6 /* RequestBody.swift in Sources */ = {isa = PBXBuildFile; fileRef = FAD3E3C521D7D5BE002A05F6 /* RequestBody.swift */; };
		FAD3E3EE21D7D63B002A05F6 /* BodyProviderTests.swift in Sources */ = {isa = PBXBuildFile; fileRef = FAD3E3DD21D7D62F002A05F6 /* BodyProviderTests.swift */; };
		FAD3E3F021D7D63B002A05F6 /* FieldTests.swift in Sources */ = {isa = PBXBuildFile; fileRef = FAD3E3E021D7D62F002A05F6 /* FieldTests.swift */; };
		FAD3E3F121D7D63B002A05F6 /* HeaderTests.swift in Sources */ = {isa = PBXBuildFile; fileRef = FAD3E3DE21D7D62F002A05F6 /* HeaderTests.swift */; };
		FAD3E3F221D7D63B002A05F6 /* HTTPMethodTests.swift in Sources */ = {isa = PBXBuildFile; fileRef = FAD3E3DF21D7D62F002A05F6 /* HTTPMethodTests.swift */; };
		FAD3E3F321D7D63B002A05F6 /* HTTPStubProtocol.swift in Sources */ = {isa = PBXBuildFile; fileRef = FAD3E3D921D7D62F002A05F6 /* HTTPStubProtocol.swift */; };
		FAD3E3F521D7D63B002A05F6 /* MediaTypeTests.swift in Sources */ = {isa = PBXBuildFile; fileRef = FAD3E3D621D7D62F002A05F6 /* MediaTypeTests.swift */; };
		FAD3E3F621D7D63B002A05F6 /* RequestConvertibleTests.swift in Sources */ = {isa = PBXBuildFile; fileRef = FAD3E3D821D7D62F002A05F6 /* RequestConvertibleTests.swift */; };
		FAD3E3F721D7D63B002A05F6 /* RequestTests.swift in Sources */ = {isa = PBXBuildFile; fileRef = FAD3E3D721D7D62F002A05F6 /* RequestTests.swift */; };
		FAD3E3F821D7D63B002A05F6 /* URLQueryItem+ExpressibleByDictionaryLiteralTests.swift in Sources */ = {isa = PBXBuildFile; fileRef = FAD3E3DC21D7D62F002A05F6 /* URLQueryItem+ExpressibleByDictionaryLiteralTests.swift */; };
		FAD3E3F921D7D63B002A05F6 /* URLSessionExtensionTests.swift in Sources */ = {isa = PBXBuildFile; fileRef = FAD3E3DB21D7D62F002A05F6 /* URLSessionExtensionTests.swift */; };
		FAD3E3FA21D7D653002A05F6 /* CaseInsensitiveStringTests.swift in Sources */ = {isa = PBXBuildFile; fileRef = FAD3E3DA21D7D62F002A05F6 /* CaseInsensitiveStringTests.swift */; };
		OBJ_179 /* Requests.framework in Frameworks */ = {isa = PBXBuildFile; fileRef = "Requests::Requests::Product" /* Requests.framework */; };
/* End PBXBuildFile section */

/* Begin PBXContainerItemProxy section */
		FA9199BA21A6D93600FBE896 /* PBXContainerItemProxy */ = {
			isa = PBXContainerItemProxy;
			containerPortal = OBJ_1 /* Project object */;
			proxyType = 1;
			remoteGlobalIDString = "Requests::Requests";
			remoteInfo = Requests;
		};
/* End PBXContainerItemProxy section */

/* Begin PBXFileReference section */
		2DBA148B5267890BF32415C1 /* AuthenticationProvider.swift */ = {isa = PBXFileReference; fileEncoding = 4; lastKnownFileType = sourcecode.swift; name = AuthenticationProvider.swift; path = Sources/AuthenticationProvider.swift; sourceTree = "<group>"; };
		2DBA1C266AF6773B5C5DA5A8 /* AuthenticationProviderTests.swift */ = {isa = PBXFileReference; fileEncoding = 4; lastKnownFileType = sourcecode.swift; name = AuthenticationProviderTests.swift; path = Tests/AuthenticationProviderTests.swift; sourceTree = "<group>"; };
		FAD3E3B521D7D5BE002A05F6 /* URLQueryItem+ExpresibleByDictionaryLiteral.swift */ = {isa = PBXFileReference; fileEncoding = 4; lastKnownFileType = sourcecode.swift; name = "URLQueryItem+ExpresibleByDictionaryLiteral.swift"; path = "Sources/URLQueryItem+ExpresibleByDictionaryLiteral.swift"; sourceTree = "<group>"; };
		FAD3E3B621D7D5BE002A05F6 /* MediaType.swift */ = {isa = PBXFileReference; fileEncoding = 4; lastKnownFileType = sourcecode.swift; name = MediaType.swift; path = Sources/MediaType.swift; sourceTree = "<group>"; };
		FAD3E3B721D7D5BE002A05F6 /* Request.swift */ = {isa = PBXFileReference; fileEncoding = 4; lastKnownFileType = sourcecode.swift; name = Request.swift; path = Sources/Request.swift; sourceTree = "<group>"; };
		FAD3E3B821D7D5BE002A05F6 /* HTTPMethod.swift */ = {isa = PBXFileReference; fileEncoding = 4; lastKnownFileType = sourcecode.swift; name = HTTPMethod.swift; path = Sources/HTTPMethod.swift; sourceTree = "<group>"; };
		FAD3E3B921D7D5BE002A05F6 /* RequestConvertible.swift */ = {isa = PBXFileReference; fileEncoding = 4; lastKnownFileType = sourcecode.swift; name = RequestConvertible.swift; path = Sources/RequestConvertible.swift; sourceTree = "<group>"; };
		FAD3E3BA21D7D5BE002A05F6 /* Field.swift */ = {isa = PBXFileReference; fileEncoding = 4; lastKnownFileType = sourcecode.swift; name = Field.swift; path = Sources/Field.swift; sourceTree = "<group>"; };
		FAD3E3BC21D7D5BE002A05F6 /* URL+StaticString.swift */ = {isa = PBXFileReference; fileEncoding = 4; lastKnownFileType = sourcecode.swift; name = "URL+StaticString.swift"; path = "Sources/URL+StaticString.swift"; sourceTree = "<group>"; };
		FAD3E3BD21D7D5BE002A05F6 /* ResponseDecoder.swift */ = {isa = PBXFileReference; fileEncoding = 4; lastKnownFileType = sourcecode.swift; name = ResponseDecoder.swift; path = Sources/ResponseDecoder.swift; sourceTree = "<group>"; };
		FAD3E3BE21D7D5BE002A05F6 /* DefaultValue.swift */ = {isa = PBXFileReference; fileEncoding = 4; lastKnownFileType = sourcecode.swift; name = DefaultValue.swift; path = Sources/DefaultValue.swift; sourceTree = "<group>"; };
		FAD3E3BF21D7D5BE002A05F6 /* Header.swift */ = {isa = PBXFileReference; fileEncoding = 4; lastKnownFileType = sourcecode.swift; name = Header.swift; path = Sources/Header.swift; sourceTree = "<group>"; };
		FAD3E3C021D7D5BE002A05F6 /* RequestError.swift */ = {isa = PBXFileReference; fileEncoding = 4; lastKnownFileType = sourcecode.swift; name = RequestError.swift; path = Sources/RequestError.swift; sourceTree = "<group>"; };
		FAD3E3C121D7D5BE002A05F6 /* CaseInsensitiveString.swift */ = {isa = PBXFileReference; fileEncoding = 4; lastKnownFileType = sourcecode.swift; name = CaseInsensitiveString.swift; path = Sources/CaseInsensitiveString.swift; sourceTree = "<group>"; };
		FAD3E3C221D7D5BE002A05F6 /* BodyProvider.swift */ = {isa = PBXFileReference; fileEncoding = 4; lastKnownFileType = sourcecode.swift; name = BodyProvider.swift; path = Sources/BodyProvider.swift; sourceTree = "<group>"; };
		FAD3E3C321D7D5BE002A05F6 /* Info.plist */ = {isa = PBXFileReference; fileEncoding = 4; lastKnownFileType = text.plist.xml; name = Info.plist; path = Sources/Info.plist; sourceTree = "<group>"; };
		FAD3E3C421D7D5BE002A05F6 /* URLSession+Requests.swift */ = {isa = PBXFileReference; fileEncoding = 4; lastKnownFileType = sourcecode.swift; name = "URLSession+Requests.swift"; path = "Sources/URLSession+Requests.swift"; sourceTree = "<group>"; };
		FAD3E3C521D7D5BE002A05F6 /* RequestBody.swift */ = {isa = PBXFileReference; fileEncoding = 4; lastKnownFileType = sourcecode.swift; name = RequestBody.swift; path = Sources/RequestBody.swift; sourceTree = "<group>"; };
		FAD3E3D621D7D62F002A05F6 /* MediaTypeTests.swift */ = {isa = PBXFileReference; fileEncoding = 4; lastKnownFileType = sourcecode.swift; name = MediaTypeTests.swift; path = Tests/MediaTypeTests.swift; sourceTree = "<group>"; };
		FAD3E3D721D7D62F002A05F6 /* RequestTests.swift */ = {isa = PBXFileReference; fileEncoding = 4; lastKnownFileType = sourcecode.swift; name = RequestTests.swift; path = Tests/RequestTests.swift; sourceTree = "<group>"; };
		FAD3E3D821D7D62F002A05F6 /* RequestConvertibleTests.swift */ = {isa = PBXFileReference; fileEncoding = 4; lastKnownFileType = sourcecode.swift; name = RequestConvertibleTests.swift; path = Tests/RequestConvertibleTests.swift; sourceTree = "<group>"; };
		FAD3E3D921D7D62F002A05F6 /* HTTPStubProtocol.swift */ = {isa = PBXFileReference; fileEncoding = 4; lastKnownFileType = sourcecode.swift; name = HTTPStubProtocol.swift; path = Tests/HTTPStubProtocol.swift; sourceTree = "<group>"; };
		FAD3E3DA21D7D62F002A05F6 /* CaseInsensitiveStringTests.swift */ = {isa = PBXFileReference; fileEncoding = 4; lastKnownFileType = sourcecode.swift; name = CaseInsensitiveStringTests.swift; path = Tests/CaseInsensitiveStringTests.swift; sourceTree = "<group>"; };
		FAD3E3DB21D7D62F002A05F6 /* URLSessionExtensionTests.swift */ = {isa = PBXFileReference; fileEncoding = 4; lastKnownFileType = sourcecode.swift; name = URLSessionExtensionTests.swift; path = Tests/URLSessionExtensionTests.swift; sourceTree = "<group>"; };
		FAD3E3DC21D7D62F002A05F6 /* URLQueryItem+ExpressibleByDictionaryLiteralTests.swift */ = {isa = PBXFileReference; fileEncoding = 4; lastKnownFileType = sourcecode.swift; name = "URLQueryItem+ExpressibleByDictionaryLiteralTests.swift"; path = "Tests/URLQueryItem+ExpressibleByDictionaryLiteralTests.swift"; sourceTree = "<group>"; };
		FAD3E3DD21D7D62F002A05F6 /* BodyProviderTests.swift */ = {isa = PBXFileReference; fileEncoding = 4; lastKnownFileType = sourcecode.swift; name = BodyProviderTests.swift; path = Tests/BodyProviderTests.swift; sourceTree = "<group>"; };
		FAD3E3DE21D7D62F002A05F6 /* HeaderTests.swift */ = {isa = PBXFileReference; fileEncoding = 4; lastKnownFileType = sourcecode.swift; name = HeaderTests.swift; path = Tests/HeaderTests.swift; sourceTree = "<group>"; };
		FAD3E3DF21D7D62F002A05F6 /* HTTPMethodTests.swift */ = {isa = PBXFileReference; fileEncoding = 4; lastKnownFileType = sourcecode.swift; name = HTTPMethodTests.swift; path = Tests/HTTPMethodTests.swift; sourceTree = "<group>"; };
		FAD3E3E021D7D62F002A05F6 /* FieldTests.swift */ = {isa = PBXFileReference; fileEncoding = 4; lastKnownFileType = sourcecode.swift; name = FieldTests.swift; path = Tests/FieldTests.swift; sourceTree = "<group>"; };
		OBJ_6 /* Package.swift */ = {isa = PBXFileReference; explicitFileType = sourcecode.swift; path = Package.swift; sourceTree = "<group>"; };
		"Requests::Requests::Product" /* Requests.framework */ = {isa = PBXFileReference; explicitFileType = wrapper.framework; path = Requests.framework; sourceTree = BUILT_PRODUCTS_DIR; };
		"Requests::RequestsTests::Product" /* RequestsTests.xctest */ = {isa = PBXFileReference; explicitFileType = wrapper.cfbundle; path = RequestsTests.xctest; sourceTree = BUILT_PRODUCTS_DIR; };
/* End PBXFileReference section */

/* Begin PBXFrameworksBuildPhase section */
		OBJ_155 /* Frameworks */ = {
			isa = PBXFrameworksBuildPhase;
			buildActionMask = 0;
			files = (
			);
			runOnlyForDeploymentPostprocessing = 0;
		};
		OBJ_177 /* Frameworks */ = {
			isa = PBXFrameworksBuildPhase;
			buildActionMask = 0;
			files = (
				OBJ_179 /* Requests.framework in Frameworks */,
			);
			runOnlyForDeploymentPostprocessing = 0;
		};
/* End PBXFrameworksBuildPhase section */

/* Begin PBXGroup section */
		OBJ_13 /* Tests */ = {
			isa = PBXGroup;
			children = (
				FAD3E3DD21D7D62F002A05F6 /* BodyProviderTests.swift */,
				FAD3E3DA21D7D62F002A05F6 /* CaseInsensitiveStringTests.swift */,
				FAD3E3E021D7D62F002A05F6 /* FieldTests.swift */,
				FAD3E3DE21D7D62F002A05F6 /* HeaderTests.swift */,
				FAD3E3DF21D7D62F002A05F6 /* HTTPMethodTests.swift */,
				FAD3E3D921D7D62F002A05F6 /* HTTPStubProtocol.swift */,
				FAD3E3D621D7D62F002A05F6 /* MediaTypeTests.swift */,
				FAD3E3D821D7D62F002A05F6 /* RequestConvertibleTests.swift */,
				FAD3E3D721D7D62F002A05F6 /* RequestTests.swift */,
				FAD3E3DC21D7D62F002A05F6 /* URLQueryItem+ExpressibleByDictionaryLiteralTests.swift */,
				FAD3E3DB21D7D62F002A05F6 /* URLSessionExtensionTests.swift */,
				2DBA1C266AF6773B5C5DA5A8 /* AuthenticationProviderTests.swift */,
			);
			name = Tests;
			sourceTree = SOURCE_ROOT;
		};
		OBJ_5 = {
			isa = PBXGroup;
			children = (
				OBJ_6 /* Package.swift */,
				OBJ_7 /* Sources */,
				OBJ_13 /* Tests */,
				OBJ_79 /* Products */,
			);
			sourceTree = "<group>";
		};
		OBJ_7 /* Sources */ = {
			isa = PBXGroup;
			children = (
				FAD3E3C321D7D5BE002A05F6 /* Info.plist */,
				FAD3E3C221D7D5BE002A05F6 /* BodyProvider.swift */,
				FAD3E3C121D7D5BE002A05F6 /* CaseInsensitiveString.swift */,
				FAD3E3BE21D7D5BE002A05F6 /* DefaultValue.swift */,
				FAD3E3BA21D7D5BE002A05F6 /* Field.swift */,
				FAD3E3BF21D7D5BE002A05F6 /* Header.swift */,
				FAD3E3B821D7D5BE002A05F6 /* HTTPMethod.swift */,
				FAD3E3B621D7D5BE002A05F6 /* MediaType.swift */,
				FAD3E3B721D7D5BE002A05F6 /* Request.swift */,
				FAD3E3C521D7D5BE002A05F6 /* RequestBody.swift */,
				FAD3E3B921D7D5BE002A05F6 /* RequestConvertible.swift */,
				FAD3E3C021D7D5BE002A05F6 /* RequestError.swift */,
				FAD3E3BD21D7D5BE002A05F6 /* ResponseDecoder.swift */,
				FAD3E3BC21D7D5BE002A05F6 /* URL+StaticString.swift */,
				FAD3E3B521D7D5BE002A05F6 /* URLQueryItem+ExpresibleByDictionaryLiteral.swift */,
				FAD3E3C421D7D5BE002A05F6 /* URLSession+Requests.swift */,
				2DBA148B5267890BF32415C1 /* AuthenticationProvider.swift */,
			);
			name = Sources;
			sourceTree = SOURCE_ROOT;
		};
		OBJ_79 /* Products */ = {
			isa = PBXGroup;
			children = (
				"Requests::Requests::Product" /* Requests.framework */,
				"Requests::RequestsTests::Product" /* RequestsTests.xctest */,
			);
			name = Products;
			sourceTree = BUILT_PRODUCTS_DIR;
		};
/* End PBXGroup section */

/* Begin PBXNativeTarget section */
		"Requests::Requests" /* Requests */ = {
			isa = PBXNativeTarget;
			buildConfigurationList = OBJ_147 /* Build configuration list for PBXNativeTarget "Requests" */;
			buildPhases = (
				FA76A3F121A84CC900FCBAF7 /* Run SwiftLint */,
				OBJ_150 /* Sources */,
				OBJ_155 /* Frameworks */,
			);
			buildRules = (
			);
			dependencies = (
			);
			name = Requests;
			productName = Requests;
			productReference = "Requests::Requests::Product" /* Requests.framework */;
			productType = "com.apple.product-type.framework";
		};
		"Requests::RequestsTests" /* RequestsTests */ = {
			isa = PBXNativeTarget;
			buildConfigurationList = OBJ_168 /* Build configuration list for PBXNativeTarget "RequestsTests" */;
			buildPhases = (
				OBJ_171 /* Sources */,
				OBJ_177 /* Frameworks */,
			);
			buildRules = (
			);
			dependencies = (
				OBJ_181 /* PBXTargetDependency */,
			);
			name = RequestsTests;
			productName = RequestsTests;
			productReference = "Requests::RequestsTests::Product" /* RequestsTests.xctest */;
			productType = "com.apple.product-type.bundle.unit-test";
		};
/* End PBXNativeTarget section */

/* Begin PBXProject section */
		OBJ_1 /* Project object */ = {
			isa = PBXProject;
			attributes = {
				LastUpgradeCheck = 1010;
				ORGANIZATIONNAME = "";
				TargetAttributes = {
					"Requests::Requests" = {
						LastSwiftMigration = 1020;
						ProvisioningStyle = Automatic;
					};
					"Requests::RequestsTests" = {
						LastSwiftMigration = 1020;
						ProvisioningStyle = Manual;
					};
				};
			};
			buildConfigurationList = OBJ_2 /* Build configuration list for PBXProject "Requests" */;
			compatibilityVersion = "Xcode 3.2";
			developmentRegion = English;
			hasScannedForEncodings = 0;
			knownRegions = (
				English,
				en,
			);
			mainGroup = OBJ_5;
			productRefGroup = OBJ_79 /* Products */;
			projectDirPath = "";
			projectRoot = "";
			targets = (
				"Requests::Requests" /* Requests */,
				"Requests::RequestsTests" /* RequestsTests */,
			);
		};
/* End PBXProject section */

/* Begin PBXShellScriptBuildPhase section */
		FA76A3F121A84CC900FCBAF7 /* Run SwiftLint */ = {
			isa = PBXShellScriptBuildPhase;
			buildActionMask = 2147483647;
			files = (
			);
			inputFileListPaths = (
			);
			inputPaths = (
			);
			name = "Run SwiftLint";
			outputFileListPaths = (
			);
			outputPaths = (
			);
			runOnlyForDeploymentPostprocessing = 0;
			shellPath = /bin/sh;
			shellScript = "if [ $TRAVIS == \"true\" ]; then\n    exit 0\nfi\n\nif which swiftlint > /dev/null; then\n    swiftlint lint --quiet\nelse\n    echo \"SwiftLint not installed, download it from https://github.com/realm/SwiftLint\"\nfi\n";
		};
/* End PBXShellScriptBuildPhase section */

/* Begin PBXSourcesBuildPhase section */
		OBJ_150 /* Sources */ = {
			isa = PBXSourcesBuildPhase;
			buildActionMask = 0;
			files = (
				FAD3E3C921D7D5BE002A05F6 /* HTTPMethod.swift in Sources */,
				FAD3E3C721D7D5BE002A05F6 /* MediaType.swift in Sources */,
				FAD3E3CB21D7D5BE002A05F6 /* Field.swift in Sources */,
				FAD3E3D521D7D5BE002A05F6 /* RequestBody.swift in Sources */,
				FAD3E3CA21D7D5BE002A05F6 /* RequestConvertible.swift in Sources */,
				FAD3E3D321D7D5BE002A05F6 /* BodyProvider.swift in Sources */,
				FAD3E3D421D7D5BE002A05F6 /* URLSession+Requests.swift in Sources */,
				FAD3E3D021D7D5BE002A05F6 /* Header.swift in Sources */,
				FAD3E3C821D7D5BE002A05F6 /* Request.swift in Sources */,
				FAD3E3CD21D7D5BE002A05F6 /* URL+StaticString.swift in Sources */,
				FAD3E3D221D7D5BE002A05F6 /* CaseInsensitiveString.swift in Sources */,
				FAD3E3D121D7D5BE002A05F6 /* RequestError.swift in Sources */,
				FAD3E3CF21D7D5BE002A05F6 /* DefaultValue.swift in Sources */,
				FAD3E3CE21D7D5BE002A05F6 /* ResponseDecoder.swift in Sources */,
				FAD3E3C621D7D5BE002A05F6 /* URLQueryItem+ExpresibleByDictionaryLiteral.swift in Sources */,
				2DBA199D715CB9F9F221C64F /* AuthenticationProvider.swift in Sources */,
			);
			runOnlyForDeploymentPostprocessing = 0;
		};
		OBJ_171 /* Sources */ = {
			isa = PBXSourcesBuildPhase;
			buildActionMask = 0;
			files = (
				FAD3E3F821D7D63B002A05F6 /* URLQueryItem+ExpressibleByDictionaryLiteralTests.swift in Sources */,
				FAD3E3F621D7D63B002A05F6 /* RequestConvertibleTests.swift in Sources */,
				FAD3E3F121D7D63B002A05F6 /* HeaderTests.swift in Sources */,
				FAD3E3F321D7D63B002A05F6 /* HTTPStubProtocol.swift in Sources */,
				FAD3E3FA21D7D653002A05F6 /* CaseInsensitiveStringTests.swift in Sources */,
				FAD3E3F921D7D63B002A05F6 /* URLSessionExtensionTests.swift in Sources */,
				FAD3E3F221D7D63B002A05F6 /* HTTPMethodTests.swift in Sources */,
				FAD3E3F721D7D63B002A05F6 /* RequestTests.swift in Sources */,
				FAD3E3F521D7D63B002A05F6 /* MediaTypeTests.swift in Sources */,
				FAD3E3F021D7D63B002A05F6 /* FieldTests.swift in Sources */,
				FAD3E3EE21D7D63B002A05F6 /* BodyProviderTests.swift in Sources */,
				2DBA1BF359A5E69874D5F3C4 /* AuthenticationProviderTests.swift in Sources */,
			);
			runOnlyForDeploymentPostprocessing = 0;
		};
/* End PBXSourcesBuildPhase section */

/* Begin PBXTargetDependency section */
		OBJ_181 /* PBXTargetDependency */ = {
			isa = PBXTargetDependency;
			target = "Requests::Requests" /* Requests */;
			targetProxy = FA9199BA21A6D93600FBE896 /* PBXContainerItemProxy */;
		};
/* End PBXTargetDependency section */

/* Begin XCBuildConfiguration section */
		OBJ_148 /* Debug */ = {
			isa = XCBuildConfiguration;
			buildSettings = {
				APPLICATION_EXTENSION_API_ONLY = YES;
				CLANG_ENABLE_MODULES = YES;
				CODE_SIGN_STYLE = Automatic;
				DEFINES_MODULE = YES;
				DEVELOPMENT_TEAM = "";
				ENABLE_TESTABILITY = YES;
				INFOPLIST_FILE = Sources/Info.plist;
				IPHONEOS_DEPLOYMENT_TARGET = 8.0;
				LD_RUNPATH_SEARCH_PATHS = "$(inherited) $(TOOLCHAIN_DIR)/usr/lib/swift/macosx";
				OTHER_CFLAGS = "$(inherited)";
				OTHER_LDFLAGS = "$(inherited)";
				OTHER_SWIFT_FLAGS = "$(inherited)";
				PRODUCT_BUNDLE_IDENTIFIER = Requests;
				PRODUCT_MODULE_NAME = "$(TARGET_NAME:c99extidentifier)";
				PRODUCT_NAME = "$(TARGET_NAME:c99extidentifier)";
				PROVISIONING_PROFILE_SPECIFIER = "";
				SKIP_INSTALL = YES;
				SWIFT_ACTIVE_COMPILATION_CONDITIONS = "$(inherited)";
				SWIFT_OPTIMIZATION_LEVEL = "-Onone";
				SWIFT_VERSION = 5.0;
				TARGET_NAME = Requests;
				TVOS_DEPLOYMENT_TARGET = 9.0;
				WATCHOS_DEPLOYMENT_TARGET = 2.0;
			};
			name = Debug;
		};
		OBJ_149 /* Release */ = {
			isa = XCBuildConfiguration;
			buildSettings = {
				APPLICATION_EXTENSION_API_ONLY = YES;
				CLANG_ENABLE_MODULES = YES;
				CODE_SIGN_STYLE = Automatic;
				DEFINES_MODULE = YES;
				DEVELOPMENT_TEAM = "";
				ENABLE_TESTABILITY = YES;
				INFOPLIST_FILE = Sources/Info.plist;
				IPHONEOS_DEPLOYMENT_TARGET = 8.0;
				LD_RUNPATH_SEARCH_PATHS = "$(inherited) $(TOOLCHAIN_DIR)/usr/lib/swift/macosx";
				OTHER_CFLAGS = "$(inherited)";
				OTHER_LDFLAGS = "$(inherited)";
				OTHER_SWIFT_FLAGS = "$(inherited)";
				PRODUCT_BUNDLE_IDENTIFIER = Requests;
				PRODUCT_MODULE_NAME = "$(TARGET_NAME:c99extidentifier)";
				PRODUCT_NAME = "$(TARGET_NAME:c99extidentifier)";
				PROVISIONING_PROFILE_SPECIFIER = "";
				SKIP_INSTALL = YES;
				SWIFT_ACTIVE_COMPILATION_CONDITIONS = "$(inherited)";
				SWIFT_VERSION = 5.0;
				TARGET_NAME = Requests;
				TVOS_DEPLOYMENT_TARGET = 9.0;
				WATCHOS_DEPLOYMENT_TARGET = 2.0;
			};
			name = Release;
		};
		OBJ_169 /* Debug */ = {
			isa = XCBuildConfiguration;
			buildSettings = {
				ALWAYS_EMBED_SWIFT_STANDARD_LIBRARIES = YES;
				CLANG_ENABLE_MODULES = YES;
				CODE_SIGN_STYLE = Manual;
				DEVELOPMENT_TEAM = "";
				FRAMEWORK_SEARCH_PATHS = (
					"$(inherited)",
					"$(PLATFORM_DIR)/Developer/Library/Frameworks",
				);
				HEADER_SEARCH_PATHS = "$(inherited)";
				INFOPLIST_FILE = Sources/Info.plist;
				LD_RUNPATH_SEARCH_PATHS = "$(inherited) @loader_path/../Frameworks @loader_path/Frameworks";
				OTHER_CFLAGS = "$(inherited)";
				OTHER_LDFLAGS = "$(inherited)";
				OTHER_SWIFT_FLAGS = "$(inherited)";
				PROVISIONING_PROFILE_SPECIFIER = "";
				SWIFT_ACTIVE_COMPILATION_CONDITIONS = "$(inherited)";
				SWIFT_VERSION = 5.0;
				TARGET_NAME = RequestsTests;
			};
			name = Debug;
		};
		OBJ_170 /* Release */ = {
			isa = XCBuildConfiguration;
			buildSettings = {
				ALWAYS_EMBED_SWIFT_STANDARD_LIBRARIES = YES;
				CLANG_ENABLE_MODULES = YES;
				CODE_SIGN_STYLE = Manual;
				DEVELOPMENT_TEAM = "";
				FRAMEWORK_SEARCH_PATHS = (
					"$(inherited)",
					"$(PLATFORM_DIR)/Developer/Library/Frameworks",
				);
				HEADER_SEARCH_PATHS = "$(inherited)";
				INFOPLIST_FILE = Sources/Info.plist;
				LD_RUNPATH_SEARCH_PATHS = "$(inherited) @loader_path/../Frameworks @loader_path/Frameworks";
				OTHER_CFLAGS = "$(inherited)";
				OTHER_LDFLAGS = "$(inherited)";
				OTHER_SWIFT_FLAGS = "$(inherited)";
				PROVISIONING_PROFILE_SPECIFIER = "";
				SWIFT_ACTIVE_COMPILATION_CONDITIONS = "$(inherited)";
				SWIFT_VERSION = 5.0;
				TARGET_NAME = RequestsTests;
			};
			name = Release;
		};
		OBJ_3 /* Debug */ = {
			isa = XCBuildConfiguration;
			buildSettings = {
				CLANG_ENABLE_OBJC_ARC = YES;
				CLANG_WARN_BLOCK_CAPTURE_AUTORELEASING = YES;
				CLANG_WARN_BOOL_CONVERSION = YES;
				CLANG_WARN_COMMA = YES;
				CLANG_WARN_CONSTANT_CONVERSION = YES;
				CLANG_WARN_DEPRECATED_OBJC_IMPLEMENTATIONS = YES;
				CLANG_WARN_EMPTY_BODY = YES;
				CLANG_WARN_ENUM_CONVERSION = YES;
				CLANG_WARN_INFINITE_RECURSION = YES;
				CLANG_WARN_INT_CONVERSION = YES;
				CLANG_WARN_NON_LITERAL_NULL_CONVERSION = YES;
				CLANG_WARN_OBJC_IMPLICIT_RETAIN_SELF = YES;
				CLANG_WARN_OBJC_LITERAL_CONVERSION = YES;
				CLANG_WARN_RANGE_LOOP_ANALYSIS = YES;
				CLANG_WARN_STRICT_PROTOTYPES = YES;
				CLANG_WARN_SUSPICIOUS_MOVE = YES;
				CLANG_WARN_UNREACHABLE_CODE = YES;
				CLANG_WARN__DUPLICATE_METHOD_MATCH = YES;
				COMBINE_HIDPI_IMAGES = YES;
				COPY_PHASE_STRIP = NO;
				CURRENT_PROJECT_VERSION = 1;
				DEBUG_INFORMATION_FORMAT = dwarf;
				DYLIB_INSTALL_NAME_BASE = "@rpath";
				ENABLE_NS_ASSERTIONS = YES;
				ENABLE_STRICT_OBJC_MSGSEND = YES;
				ENABLE_TESTABILITY = YES;
				GCC_NO_COMMON_BLOCKS = YES;
				GCC_OPTIMIZATION_LEVEL = 0;
				GCC_PREPROCESSOR_DEFINITIONS = (
					"DEBUG=1",
					"$(inherited)",
				);
				GCC_WARN_64_TO_32_BIT_CONVERSION = YES;
				GCC_WARN_ABOUT_RETURN_TYPE = YES;
				GCC_WARN_UNDECLARED_SELECTOR = YES;
				GCC_WARN_UNINITIALIZED_AUTOS = YES;
				GCC_WARN_UNUSED_FUNCTION = YES;
				GCC_WARN_UNUSED_VARIABLE = YES;
				IPHONEOS_DEPLOYMENT_TARGET = 8.0;
				MACOSX_DEPLOYMENT_TARGET = 10.10;
				ONLY_ACTIVE_ARCH = YES;
				OTHER_SWIFT_FLAGS = "-DXcode";
				PRODUCT_NAME = "$(TARGET_NAME)";
				SDKROOT = macosx;
				SUPPORTED_PLATFORMS = "macosx iphoneos iphonesimulator appletvos appletvsimulator watchos watchsimulator";
				SWIFT_ACTIVE_COMPILATION_CONDITIONS = "SWIFT_PACKAGE DEBUG";
				SWIFT_OPTIMIZATION_LEVEL = "-Onone";
				TVOS_DEPLOYMENT_TARGET = 9.0;
				USE_HEADERMAP = NO;
				VERSIONING_SYSTEM = "apple-generic";
				WATCHOS_DEPLOYMENT_TARGET = 2.0;
			};
			name = Debug;
		};
		OBJ_4 /* Release */ = {
			isa = XCBuildConfiguration;
			buildSettings = {
				CLANG_ENABLE_OBJC_ARC = YES;
				CLANG_WARN_BLOCK_CAPTURE_AUTORELEASING = YES;
				CLANG_WARN_BOOL_CONVERSION = YES;
				CLANG_WARN_COMMA = YES;
				CLANG_WARN_CONSTANT_CONVERSION = YES;
				CLANG_WARN_DEPRECATED_OBJC_IMPLEMENTATIONS = YES;
				CLANG_WARN_EMPTY_BODY = YES;
				CLANG_WARN_ENUM_CONVERSION = YES;
				CLANG_WARN_INFINITE_RECURSION = YES;
				CLANG_WARN_INT_CONVERSION = YES;
				CLANG_WARN_NON_LITERAL_NULL_CONVERSION = YES;
				CLANG_WARN_OBJC_IMPLICIT_RETAIN_SELF = YES;
				CLANG_WARN_OBJC_LITERAL_CONVERSION = YES;
				CLANG_WARN_RANGE_LOOP_ANALYSIS = YES;
				CLANG_WARN_STRICT_PROTOTYPES = YES;
				CLANG_WARN_SUSPICIOUS_MOVE = YES;
				CLANG_WARN_UNREACHABLE_CODE = YES;
				CLANG_WARN__DUPLICATE_METHOD_MATCH = YES;
				COMBINE_HIDPI_IMAGES = YES;
				COPY_PHASE_STRIP = YES;
				CURRENT_PROJECT_VERSION = 1;
				DEBUG_INFORMATION_FORMAT = "dwarf-with-dsym";
				DYLIB_INSTALL_NAME_BASE = "@rpath";
				ENABLE_STRICT_OBJC_MSGSEND = YES;
				GCC_NO_COMMON_BLOCKS = YES;
				GCC_OPTIMIZATION_LEVEL = s;
				GCC_WARN_64_TO_32_BIT_CONVERSION = YES;
				GCC_WARN_ABOUT_RETURN_TYPE = YES;
				GCC_WARN_UNDECLARED_SELECTOR = YES;
				GCC_WARN_UNINITIALIZED_AUTOS = YES;
				GCC_WARN_UNUSED_FUNCTION = YES;
				GCC_WARN_UNUSED_VARIABLE = YES;
				IPHONEOS_DEPLOYMENT_TARGET = 8.0;
				MACOSX_DEPLOYMENT_TARGET = 10.10;
				OTHER_SWIFT_FLAGS = "-DXcode";
				PRODUCT_NAME = "$(TARGET_NAME)";
				SDKROOT = macosx;
				SUPPORTED_PLATFORMS = "macosx iphoneos iphonesimulator appletvos appletvsimulator watchos watchsimulator";
				SWIFT_ACTIVE_COMPILATION_CONDITIONS = SWIFT_PACKAGE;
				SWIFT_OPTIMIZATION_LEVEL = "-Owholemodule";
				TVOS_DEPLOYMENT_TARGET = 9.0;
				USE_HEADERMAP = NO;
				VERSIONING_SYSTEM = "apple-generic";
				WATCHOS_DEPLOYMENT_TARGET = 2.0;
			};
			name = Release;
		};
/* End XCBuildConfiguration section */

/* Begin XCConfigurationList section */
		OBJ_147 /* Build configuration list for PBXNativeTarget "Requests" */ = {
			isa = XCConfigurationList;
			buildConfigurations = (
				OBJ_148 /* Debug */,
				OBJ_149 /* Release */,
			);
			defaultConfigurationIsVisible = 0;
			defaultConfigurationName = Release;
		};
		OBJ_168 /* Build configuration list for PBXNativeTarget "RequestsTests" */ = {
			isa = XCConfigurationList;
			buildConfigurations = (
				OBJ_169 /* Debug */,
				OBJ_170 /* Release */,
			);
			defaultConfigurationIsVisible = 0;
			defaultConfigurationName = Release;
		};
		OBJ_2 /* Build configuration list for PBXProject "Requests" */ = {
			isa = XCConfigurationList;
			buildConfigurations = (
				OBJ_3 /* Debug */,
				OBJ_4 /* Release */,
			);
			defaultConfigurationIsVisible = 0;
			defaultConfigurationName = Release;
		};
/* End XCConfigurationList section */
	};
	rootObject = OBJ_1 /* Project object */;
}
