// !$*UTF8*$!
{
	archiveVersion = 1;
	classes = {
	};
	objectVersion = 46;
	objects = {

/* Begin PBXBuildFile section */
		2DBA10B2A7E4CAB58236F972 /* RequestConvertible.swift in Sources */ = {isa = PBXBuildFile; fileRef = 2DBA1CDBF88C079FF91A35BE /* RequestConvertible.swift */; };
		2DBA11C07EC439631BF5C307 /* HTTPStubProtocol.swift in Sources */ = {isa = PBXBuildFile; fileRef = 2DBA18DBC5ABC0BD5D731237 /* HTTPStubProtocol.swift */; };
		2DBA12B907490331D5D8FA0D /* URL+StaticString.swift in Sources */ = {isa = PBXBuildFile; fileRef = 2DBA142E3A9B2EA6FEE32C49 /* URL+StaticString.swift */; };
		2DBA148DCED40CC400C3A759 /* BodyProviderTests.swift in Sources */ = {isa = PBXBuildFile; fileRef = 2DBA1AEFA258257EF3E48568 /* BodyProviderTests.swift */; };
		2DBA153B4F62F5DFC51D56EB /* RequestTypeTests.swift in Sources */ = {isa = PBXBuildFile; fileRef = OBJ_18 /* RequestTypeTests.swift */; };
		2DBA1562695B3486BE0ED6AC /* CaseInsensitiveString.swift in Sources */ = {isa = PBXBuildFile; fileRef = 2DBA1B82C05A3C323FC266D8 /* CaseInsensitiveString.swift */; };
		2DBA16155243F7BA908E416D /* URLQueryItem+ExpresibleByDictionaryLiteral.swift in Sources */ = {isa = PBXBuildFile; fileRef = 2DBA1AC44EEE417A972BF5C6 /* URLQueryItem+ExpresibleByDictionaryLiteral.swift */; };
		2DBA1631D1E731E4D9EE19D7 /* DefaultValue.swift in Sources */ = {isa = PBXBuildFile; fileRef = 2DBA112E86530BDA9494A953 /* DefaultValue.swift */; };
		2DBA18D1C8BC92A4642C4D21 /* MediaTypeTests.swift in Sources */ = {isa = PBXBuildFile; fileRef = 2DBA16EE958B3D1B929E67E7 /* MediaTypeTests.swift */; };
		2DBA1A5C46F34344A3E869F9 /* RequestBody.swift in Sources */ = {isa = PBXBuildFile; fileRef = 2DBA1F97AA0738706F25EA39 /* RequestBody.swift */; };
		2DBA1A630AB69344C7A44E09 /* BodyProvider.swift in Sources */ = {isa = PBXBuildFile; fileRef = 2DBA1BDC1B4254AC615C8C3E /* BodyProvider.swift */; };
		2DBA1B1961F3D02E8F3B5632 /* URLSessionExtensionTests.swift in Sources */ = {isa = PBXBuildFile; fileRef = 2DBA123329A71BF0F0F19DA1 /* URLSessionExtensionTests.swift */; };
		2DBA1B4AA2C9C4E7BAFFB487 /* RequestTests.swift in Sources */ = {isa = PBXBuildFile; fileRef = 2DBA19CE359FF7E082AA390B /* RequestTests.swift */; };
		2DBA1B98E7031EB4C0D1A9F3 /* Result.swift in Sources */ = {isa = PBXBuildFile; fileRef = 2DBA18FE48B29536DE063E12 /* Result.swift */; };
		2DBA1BEA0719D60B5C55609C /* CaseInsensitiveStringTests.swift in Sources */ = {isa = PBXBuildFile; fileRef = 2DBA1ACAD2DA46323D90F679 /* CaseInsensitiveStringTests.swift */; };
		2DBA1E2090BCB0C69CB8B275 /* URLQueryItem+ExpressibleByDictionaryLiteralTests.swift in Sources */ = {isa = PBXBuildFile; fileRef = 2DBA19A0B446CD18F0011B7E /* URLQueryItem+ExpressibleByDictionaryLiteralTests.swift */; };
		2DBA1E5A8F1AED0160C46517 /* MediaType.swift in Sources */ = {isa = PBXBuildFile; fileRef = 2DBA1158214EE8880A93BDC9 /* MediaType.swift */; };
		FAD9A8FD21A989890039923C /* ResponseDecoder.swift in Sources */ = {isa = PBXBuildFile; fileRef = FAD9A8FC21A989890039923C /* ResponseDecoder.swift */; };
		FAF5DE8121A9996100EA1DED /* URLSession+Requests.swift in Sources */ = {isa = PBXBuildFile; fileRef = FAF5DE8021A9996100EA1DED /* URLSession+Requests.swift */; };
		FAF5DE8521A99DB000EA1DED /* RequestError.swift in Sources */ = {isa = PBXBuildFile; fileRef = FAF5DE8421A99DB000EA1DED /* RequestError.swift */; };
		OBJ_151 /* Field.swift in Sources */ = {isa = PBXBuildFile; fileRef = OBJ_9 /* Field.swift */; };
		OBJ_152 /* HTTPMethod.swift in Sources */ = {isa = PBXBuildFile; fileRef = OBJ_10 /* HTTPMethod.swift */; };
		OBJ_153 /* Header.swift in Sources */ = {isa = PBXBuildFile; fileRef = OBJ_11 /* Header.swift */; };
		OBJ_154 /* Request.swift in Sources */ = {isa = PBXBuildFile; fileRef = OBJ_12 /* Request.swift */; };
		OBJ_172 /* FieldTests.swift in Sources */ = {isa = PBXBuildFile; fileRef = OBJ_15 /* FieldTests.swift */; };
		OBJ_173 /* HTTPMethodTests.swift in Sources */ = {isa = PBXBuildFile; fileRef = OBJ_16 /* HTTPMethodTests.swift */; };
		OBJ_174 /* HeaderTests.swift in Sources */ = {isa = PBXBuildFile; fileRef = OBJ_17 /* HeaderTests.swift */; };
		OBJ_179 /* Requests.framework in Frameworks */ = {isa = PBXBuildFile; fileRef = "Requests::Requests::Product" /* Requests.framework */; };
/* End PBXBuildFile section */

/* Begin PBXContainerItemProxy section */
		FA9199BA21A6D93600FBE896 /* PBXContainerItemProxy */ = {
			isa = PBXContainerItemProxy;
			containerPortal = OBJ_1 /* Project object */;
			proxyType = 1;
			remoteGlobalIDString = Requests::Requests;
			remoteInfo = Requests;
		};
/* End PBXContainerItemProxy section */

/* Begin PBXFileReference section */
		2DBA112E86530BDA9494A953 /* DefaultValue.swift */ = {isa = PBXFileReference; fileEncoding = 4; lastKnownFileType = sourcecode.swift; path = DefaultValue.swift; sourceTree = "<group>"; };
		2DBA1158214EE8880A93BDC9 /* MediaType.swift */ = {isa = PBXFileReference; fileEncoding = 4; lastKnownFileType = sourcecode.swift; path = MediaType.swift; sourceTree = "<group>"; };
		2DBA123329A71BF0F0F19DA1 /* URLSessionExtensionTests.swift */ = {isa = PBXFileReference; fileEncoding = 4; lastKnownFileType = sourcecode.swift; path = URLSessionExtensionTests.swift; sourceTree = "<group>"; };
		2DBA142E3A9B2EA6FEE32C49 /* URL+StaticString.swift */ = {isa = PBXFileReference; fileEncoding = 4; lastKnownFileType = sourcecode.swift; path = "URL+StaticString.swift"; sourceTree = "<group>"; };
		2DBA16EE958B3D1B929E67E7 /* MediaTypeTests.swift */ = {isa = PBXFileReference; fileEncoding = 4; lastKnownFileType = sourcecode.swift; path = MediaTypeTests.swift; sourceTree = "<group>"; };
		2DBA18DBC5ABC0BD5D731237 /* HTTPStubProtocol.swift */ = {isa = PBXFileReference; fileEncoding = 4; lastKnownFileType = sourcecode.swift; path = HTTPStubProtocol.swift; sourceTree = "<group>"; };
		2DBA18FE48B29536DE063E12 /* Result.swift */ = {isa = PBXFileReference; fileEncoding = 4; lastKnownFileType = sourcecode.swift; path = Result.swift; sourceTree = "<group>"; };
		2DBA19A0B446CD18F0011B7E /* URLQueryItem+ExpressibleByDictionaryLiteralTests.swift */ = {isa = PBXFileReference; fileEncoding = 4; lastKnownFileType = sourcecode.swift; path = "URLQueryItem+ExpressibleByDictionaryLiteralTests.swift"; sourceTree = "<group>"; };
		2DBA19CE359FF7E082AA390B /* RequestTests.swift */ = {isa = PBXFileReference; fileEncoding = 4; lastKnownFileType = sourcecode.swift; path = RequestTests.swift; sourceTree = "<group>"; };
		2DBA1AC44EEE417A972BF5C6 /* URLQueryItem+ExpresibleByDictionaryLiteral.swift */ = {isa = PBXFileReference; fileEncoding = 4; lastKnownFileType = sourcecode.swift; path = "URLQueryItem+ExpresibleByDictionaryLiteral.swift"; sourceTree = "<group>"; };
		2DBA1ACAD2DA46323D90F679 /* CaseInsensitiveStringTests.swift */ = {isa = PBXFileReference; fileEncoding = 4; lastKnownFileType = sourcecode.swift; path = CaseInsensitiveStringTests.swift; sourceTree = "<group>"; };
		2DBA1AEFA258257EF3E48568 /* BodyProviderTests.swift */ = {isa = PBXFileReference; fileEncoding = 4; lastKnownFileType = sourcecode.swift; path = BodyProviderTests.swift; sourceTree = "<group>"; };
		2DBA1B82C05A3C323FC266D8 /* CaseInsensitiveString.swift */ = {isa = PBXFileReference; fileEncoding = 4; lastKnownFileType = sourcecode.swift; path = CaseInsensitiveString.swift; sourceTree = "<group>"; };
		2DBA1BDC1B4254AC615C8C3E /* BodyProvider.swift */ = {isa = PBXFileReference; fileEncoding = 4; lastKnownFileType = sourcecode.swift; path = BodyProvider.swift; sourceTree = "<group>"; };
		2DBA1CDBF88C079FF91A35BE /* RequestConvertible.swift */ = {isa = PBXFileReference; fileEncoding = 4; lastKnownFileType = sourcecode.swift; path = RequestConvertible.swift; sourceTree = "<group>"; };
		2DBA1F97AA0738706F25EA39 /* RequestBody.swift */ = {isa = PBXFileReference; fileEncoding = 4; lastKnownFileType = sourcecode.swift; path = RequestBody.swift; sourceTree = "<group>"; };
		FAD9A8FC21A989890039923C /* ResponseDecoder.swift */ = {isa = PBXFileReference; lastKnownFileType = sourcecode.swift; path = ResponseDecoder.swift; sourceTree = "<group>"; };
		FAF4D93521A81D7400231FFC /* Info.plist */ = {isa = PBXFileReference; lastKnownFileType = text.plist.xml; path = Info.plist; sourceTree = "<group>"; };
		FAF5DE8021A9996100EA1DED /* URLSession+Requests.swift */ = {isa = PBXFileReference; lastKnownFileType = sourcecode.swift; path = "URLSession+Requests.swift"; sourceTree = "<group>"; };
		FAF5DE8421A99DB000EA1DED /* RequestError.swift */ = {isa = PBXFileReference; lastKnownFileType = sourcecode.swift; path = RequestError.swift; sourceTree = "<group>"; };
		OBJ_10 /* HTTPMethod.swift */ = {isa = PBXFileReference; lastKnownFileType = sourcecode.swift; path = HTTPMethod.swift; sourceTree = "<group>"; };
		OBJ_11 /* Header.swift */ = {isa = PBXFileReference; lastKnownFileType = sourcecode.swift; path = Header.swift; sourceTree = "<group>"; };
		OBJ_12 /* Request.swift */ = {isa = PBXFileReference; lastKnownFileType = sourcecode.swift; path = Request.swift; sourceTree = "<group>"; };
		OBJ_15 /* FieldTests.swift */ = {isa = PBXFileReference; lastKnownFileType = sourcecode.swift; path = FieldTests.swift; sourceTree = "<group>"; };
		OBJ_16 /* HTTPMethodTests.swift */ = {isa = PBXFileReference; lastKnownFileType = sourcecode.swift; path = HTTPMethodTests.swift; sourceTree = "<group>"; };
		OBJ_17 /* HeaderTests.swift */ = {isa = PBXFileReference; lastKnownFileType = sourcecode.swift; path = HeaderTests.swift; sourceTree = "<group>"; };
		OBJ_18 /* RequestTypeTests.swift */ = {isa = PBXFileReference; lastKnownFileType = sourcecode.swift; path = RequestTypeTests.swift; sourceTree = "<group>"; };
		OBJ_6 /* Package.swift */ = {isa = PBXFileReference; explicitFileType = sourcecode.swift; path = Package.swift; sourceTree = "<group>"; };
		OBJ_9 /* Field.swift */ = {isa = PBXFileReference; lastKnownFileType = sourcecode.swift; path = Field.swift; sourceTree = "<group>"; };
		"Requests::Requests::Product" /* Requests.framework */ = {isa = PBXFileReference; explicitFileType = wrapper.framework; path = Requests.framework; sourceTree = BUILT_PRODUCTS_DIR; };
		"Requests::RequestsTests::Product" /* RequestsTests.xctest */ = {isa = PBXFileReference; explicitFileType = wrapper.cfbundle; path = RequestsTests.xctest; sourceTree = BUILT_PRODUCTS_DIR; };
/* End PBXFileReference section */

/* Begin PBXFrameworksBuildPhase section */
		OBJ_155 /* Frameworks */ = {
			isa = PBXFrameworksBuildPhase;
			buildActionMask = 0;
			files = (
			);
			runOnlyForDeploymentPostprocessing = 0;
		};
		OBJ_177 /* Frameworks */ = {
			isa = PBXFrameworksBuildPhase;
			buildActionMask = 0;
			files = (
				OBJ_179 /* Requests.framework in Frameworks */,
			);
			runOnlyForDeploymentPostprocessing = 0;
		};
/* End PBXFrameworksBuildPhase section */

/* Begin PBXGroup section */
		OBJ_13 /* Tests */ = {
			isa = PBXGroup;
			children = (
				OBJ_14 /* RequestsTests */,
			);
			name = Tests;
			sourceTree = SOURCE_ROOT;
		};
		OBJ_14 /* RequestsTests */ = {
			isa = PBXGroup;
			children = (
				OBJ_15 /* FieldTests.swift */,
				OBJ_16 /* HTTPMethodTests.swift */,
				OBJ_17 /* HeaderTests.swift */,
				OBJ_18 /* RequestTypeTests.swift */,
				2DBA19A0B446CD18F0011B7E /* URLQueryItem+ExpressibleByDictionaryLiteralTests.swift */,
				2DBA19CE359FF7E082AA390B /* RequestTests.swift */,
				2DBA123329A71BF0F0F19DA1 /* URLSessionExtensionTests.swift */,
				2DBA18DBC5ABC0BD5D731237 /* HTTPStubProtocol.swift */,
				2DBA1ACAD2DA46323D90F679 /* CaseInsensitiveStringTests.swift */,
				2DBA16EE958B3D1B929E67E7 /* MediaTypeTests.swift */,
				2DBA1AEFA258257EF3E48568 /* BodyProviderTests.swift */,
			);
			name = RequestsTests;
			path = Tests/RequestsTests;
			sourceTree = SOURCE_ROOT;
		};
		OBJ_5 = {
			isa = PBXGroup;
			children = (
				OBJ_6 /* Package.swift */,
				OBJ_7 /* Sources */,
				OBJ_13 /* Tests */,
				OBJ_79 /* Products */,
			);
			sourceTree = "<group>";
		};
		OBJ_7 /* Sources */ = {
			isa = PBXGroup;
			children = (
				OBJ_8 /* Requests */,
			);
			name = Sources;
			sourceTree = SOURCE_ROOT;
		};
		OBJ_79 /* Products */ = {
			isa = PBXGroup;
			children = (
				"Requests::Requests::Product" /* Requests.framework */,
				"Requests::RequestsTests::Product" /* RequestsTests.xctest */,
			);
			name = Products;
			sourceTree = BUILT_PRODUCTS_DIR;
		};
		OBJ_8 /* Requests */ = {
			isa = PBXGroup;
			children = (
				2DBA112E86530BDA9494A953 /* DefaultValue.swift */,
				OBJ_9 /* Field.swift */,
				OBJ_11 /* Header.swift */,
				OBJ_10 /* HTTPMethod.swift */,
				FAF4D93521A81D7400231FFC /* Info.plist */,
				OBJ_12 /* Request.swift */,
				FAF5DE8421A99DB000EA1DED /* RequestError.swift */,
				2DBA1CDBF88C079FF91A35BE /* RequestConvertible.swift */,
				FAD9A8FC21A989890039923C /* ResponseDecoder.swift */,
				2DBA18FE48B29536DE063E12 /* Result.swift */,
				2DBA142E3A9B2EA6FEE32C49 /* URL+StaticString.swift */,
				2DBA1AC44EEE417A972BF5C6 /* URLQueryItem+ExpresibleByDictionaryLiteral.swift */,
				FAF5DE8021A9996100EA1DED /* URLSession+Requests.swift */,
				2DBA1B82C05A3C323FC266D8 /* CaseInsensitiveString.swift */,
				2DBA1158214EE8880A93BDC9 /* MediaType.swift */,
				2DBA1F97AA0738706F25EA39 /* RequestBody.swift */,
				2DBA1BDC1B4254AC615C8C3E /* BodyProvider.swift */,
			);
			name = Requests;
			path = Sources/Requests;
			sourceTree = SOURCE_ROOT;
		};
/* End PBXGroup section */

/* Begin PBXNativeTarget section */
		"Requests::Requests" /* Requests */ = {
			isa = PBXNativeTarget;
			buildConfigurationList = OBJ_147 /* Build configuration list for PBXNativeTarget "Requests" */;
			buildPhases = (
				FA76A3F121A84CC900FCBAF7 /* Run SwiftLint */,
				OBJ_150 /* Sources */,
				OBJ_155 /* Frameworks */,
			);
			buildRules = (
			);
			dependencies = (
			);
			name = Requests;
			productName = Requests;
			productReference = "Requests::Requests::Product" /* Requests.framework */;
			productType = "com.apple.product-type.framework";
		};
		"Requests::RequestsTests" /* RequestsTests */ = {
			isa = PBXNativeTarget;
			buildConfigurationList = OBJ_168 /* Build configuration list for PBXNativeTarget "RequestsTests" */;
			buildPhases = (
				OBJ_171 /* Sources */,
				OBJ_177 /* Frameworks */,
			);
			buildRules = (
			);
			dependencies = (
				OBJ_181 /* PBXTargetDependency */,
			);
			name = RequestsTests;
			productName = RequestsTests;
			productReference = "Requests::RequestsTests::Product" /* RequestsTests.xctest */;
			productType = "com.apple.product-type.bundle.unit-test";
		};
/* End PBXNativeTarget section */

/* Begin PBXProject section */
		OBJ_1 /* Project object */ = {
			isa = PBXProject;
			attributes = {
				LastUpgradeCheck = 1010;
				ORGANIZATIONNAME = "";
				TargetAttributes = {
					"Requests::Requests" = {
						LastSwiftMigration = 1010;
						ProvisioningStyle = Automatic;
					};
					"Requests::RequestsTests" = {
						LastSwiftMigration = 1010;
						ProvisioningStyle = Manual;
					};
				};
			};
			buildConfigurationList = OBJ_2 /* Build configuration list for PBXProject "Requests" */;
			compatibilityVersion = "Xcode 3.2";
			developmentRegion = English;
			hasScannedForEncodings = 0;
			knownRegions = (
				en,
			);
			mainGroup = OBJ_5;
			productRefGroup = OBJ_79 /* Products */;
			projectDirPath = "";
			projectRoot = "";
			targets = (
				"Requests::Requests" /* Requests */,
				"Requests::RequestsTests" /* RequestsTests */,
			);
		};
/* End PBXProject section */

/* Begin PBXShellScriptBuildPhase section */
		FA76A3F121A84CC900FCBAF7 /* Run SwiftLint */ = {
			isa = PBXShellScriptBuildPhase;
			buildActionMask = 2147483647;
			files = (
			);
			inputFileListPaths = (
			);
			inputPaths = (
			);
			name = "Run SwiftLint";
			outputFileListPaths = (
			);
			outputPaths = (
			);
			runOnlyForDeploymentPostprocessing = 0;
			shellPath = /bin/sh;
			shellScript = "if which swiftlint > /dev/null; then\n    swiftlint lint --quiet\nelse\n    echo \"SwiftLint not installed, download it from https://github.com/realm/SwiftLint\"\nfi\n";
		};
/* End PBXShellScriptBuildPhase section */

/* Begin PBXSourcesBuildPhase section */
		OBJ_150 /* Sources */ = {
			isa = PBXSourcesBuildPhase;
			buildActionMask = 0;
			files = (
				FAD9A8FD21A989890039923C /* ResponseDecoder.swift in Sources */,
				OBJ_151 /* Field.swift in Sources */,
				FAF5DE8121A9996100EA1DED /* URLSession+Requests.swift in Sources */,
				OBJ_152 /* HTTPMethod.swift in Sources */,
				OBJ_153 /* Header.swift in Sources */,
				OBJ_154 /* Request.swift in Sources */,
				2DBA16155243F7BA908E416D /* URLQueryItem+ExpresibleByDictionaryLiteral.swift in Sources */,
				2DBA12B907490331D5D8FA0D /* URL+StaticString.swift in Sources */,
				FAF5DE8521A99DB000EA1DED /* RequestError.swift in Sources */,
				2DBA1B98E7031EB4C0D1A9F3 /* Result.swift in Sources */,
				2DBA10B2A7E4CAB58236F972 /* RequestConvertible.swift in Sources */,
				2DBA1631D1E731E4D9EE19D7 /* DefaultValue.swift in Sources */,
				2DBA1562695B3486BE0ED6AC /* CaseInsensitiveString.swift in Sources */,
				2DBA1E5A8F1AED0160C46517 /* MediaType.swift in Sources */,
				2DBA1A5C46F34344A3E869F9 /* RequestBody.swift in Sources */,
				2DBA1A630AB69344C7A44E09 /* BodyProvider.swift in Sources */,
			);
			runOnlyForDeploymentPostprocessing = 0;
		};
		OBJ_171 /* Sources */ = {
			isa = PBXSourcesBuildPhase;
			buildActionMask = 0;
			files = (
				OBJ_172 /* FieldTests.swift in Sources */,
				OBJ_173 /* HTTPMethodTests.swift in Sources */,
				OBJ_174 /* HeaderTests.swift in Sources */,
				2DBA1E2090BCB0C69CB8B275 /* URLQueryItem+ExpressibleByDictionaryLiteralTests.swift in Sources */,
				2DBA153B4F62F5DFC51D56EB /* RequestTypeTests.swift in Sources */,
				2DBA1B1961F3D02E8F3B5632 /* URLSessionExtensionTests.swift in Sources */,
				2DBA11C07EC439631BF5C307 /* HTTPStubProtocol.swift in Sources */,
				2DBA1BEA0719D60B5C55609C /* CaseInsensitiveStringTests.swift in Sources */,
				2DBA18D1C8BC92A4642C4D21 /* MediaTypeTests.swift in Sources */,
				2DBA1B4AA2C9C4E7BAFFB487 /* RequestTests.swift in Sources */,
				2DBA148DCED40CC400C3A759 /* BodyProviderTests.swift in Sources */,
			);
			runOnlyForDeploymentPostprocessing = 0;
		};
/* End PBXSourcesBuildPhase section */

/* Begin PBXTargetDependency section */
		OBJ_181 /* PBXTargetDependency */ = {
			isa = PBXTargetDependency;
			target = "Requests::Requests" /* Requests */;
			targetProxy = FA9199BA21A6D93600FBE896 /* PBXContainerItemProxy */;
		};
/* End PBXTargetDependency section */

/* Begin XCBuildConfiguration section */
		OBJ_148 /* Debug */ = {
			isa = XCBuildConfiguration;
			buildSettings = {
				CODE_SIGN_STYLE = Automatic;
				DEVELOPMENT_TEAM = "";
				ENABLE_TESTABILITY = YES;
				INFOPLIST_FILE = Sources/Requests/Info.plist;
				IPHONEOS_DEPLOYMENT_TARGET = 8.0;
				LD_RUNPATH_SEARCH_PATHS = "$(inherited) $(TOOLCHAIN_DIR)/usr/lib/swift/macosx";
				OTHER_CFLAGS = "$(inherited)";
				OTHER_LDFLAGS = "$(inherited)";
				OTHER_SWIFT_FLAGS = "$(inherited)";
				PRODUCT_BUNDLE_IDENTIFIER = Requests;
				PRODUCT_MODULE_NAME = "$(TARGET_NAME:c99extidentifier)";
				PRODUCT_NAME = "$(TARGET_NAME:c99extidentifier)";
				PROVISIONING_PROFILE_SPECIFIER = "";
				SKIP_INSTALL = YES;
				SWIFT_ACTIVE_COMPILATION_CONDITIONS = "$(inherited)";
				SWIFT_VERSION = 4.2;
				TARGET_NAME = Requests;
				TVOS_DEPLOYMENT_TARGET = 9.0;
				WATCHOS_DEPLOYMENT_TARGET = 2.0;
			};
			name = Debug;
		};
		OBJ_149 /* Release */ = {
			isa = XCBuildConfiguration;
			buildSettings = {
				CODE_SIGN_STYLE = Automatic;
				DEVELOPMENT_TEAM = "";
				ENABLE_TESTABILITY = YES;
				INFOPLIST_FILE = Sources/Requests/Info.plist;
				IPHONEOS_DEPLOYMENT_TARGET = 8.0;
				LD_RUNPATH_SEARCH_PATHS = "$(inherited) $(TOOLCHAIN_DIR)/usr/lib/swift/macosx";
				OTHER_CFLAGS = "$(inherited)";
				OTHER_LDFLAGS = "$(inherited)";
				OTHER_SWIFT_FLAGS = "$(inherited)";
				PRODUCT_BUNDLE_IDENTIFIER = Requests;
				PRODUCT_MODULE_NAME = "$(TARGET_NAME:c99extidentifier)";
				PRODUCT_NAME = "$(TARGET_NAME:c99extidentifier)";
				PROVISIONING_PROFILE_SPECIFIER = "";
				SKIP_INSTALL = YES;
				SWIFT_ACTIVE_COMPILATION_CONDITIONS = "$(inherited)";
				SWIFT_VERSION = 4.2;
				TARGET_NAME = Requests;
				TVOS_DEPLOYMENT_TARGET = 9.0;
				WATCHOS_DEPLOYMENT_TARGET = 2.0;
			};
			name = Release;
		};
		OBJ_169 /* Debug */ = {
			isa = XCBuildConfiguration;
			buildSettings = {
				ALWAYS_EMBED_SWIFT_STANDARD_LIBRARIES = YES;
				CLANG_ENABLE_MODULES = YES;
				CODE_SIGN_STYLE = Manual;
				DEVELOPMENT_TEAM = "";
				FRAMEWORK_SEARCH_PATHS = (
					"$(inherited)",
					"$(PLATFORM_DIR)/Developer/Library/Frameworks",
				);
				HEADER_SEARCH_PATHS = "$(inherited)";
				INFOPLIST_FILE = Sources/Requests/Info.plist;
				LD_RUNPATH_SEARCH_PATHS = "$(inherited) @loader_path/../Frameworks @loader_path/Frameworks";
				OTHER_CFLAGS = "$(inherited)";
				OTHER_LDFLAGS = "$(inherited)";
				OTHER_SWIFT_FLAGS = "$(inherited)";
				PROVISIONING_PROFILE_SPECIFIER = "";
				SWIFT_ACTIVE_COMPILATION_CONDITIONS = "$(inherited)";
				SWIFT_VERSION = 4.2;
				TARGET_NAME = RequestsTests;
			};
			name = Debug;
		};
		OBJ_170 /* Release */ = {
			isa = XCBuildConfiguration;
			buildSettings = {
				ALWAYS_EMBED_SWIFT_STANDARD_LIBRARIES = YES;
				CLANG_ENABLE_MODULES = YES;
				CODE_SIGN_STYLE = Manual;
				DEVELOPMENT_TEAM = "";
				FRAMEWORK_SEARCH_PATHS = (
					"$(inherited)",
					"$(PLATFORM_DIR)/Developer/Library/Frameworks",
				);
				HEADER_SEARCH_PATHS = "$(inherited)";
				INFOPLIST_FILE = Sources/Requests/Info.plist;
				LD_RUNPATH_SEARCH_PATHS = "$(inherited) @loader_path/../Frameworks @loader_path/Frameworks";
				OTHER_CFLAGS = "$(inherited)";
				OTHER_LDFLAGS = "$(inherited)";
				OTHER_SWIFT_FLAGS = "$(inherited)";
				PROVISIONING_PROFILE_SPECIFIER = "";
				SWIFT_ACTIVE_COMPILATION_CONDITIONS = "$(inherited)";
				SWIFT_VERSION = 4.2;
				TARGET_NAME = RequestsTests;
			};
			name = Release;
		};
		OBJ_3 /* Debug */ = {
			isa = XCBuildConfiguration;
			buildSettings = {
				CLANG_ENABLE_OBJC_ARC = YES;
				CLANG_WARN_BLOCK_CAPTURE_AUTORELEASING = YES;
				CLANG_WARN_BOOL_CONVERSION = YES;
				CLANG_WARN_COMMA = YES;
				CLANG_WARN_CONSTANT_CONVERSION = YES;
				CLANG_WARN_DEPRECATED_OBJC_IMPLEMENTATIONS = YES;
				CLANG_WARN_EMPTY_BODY = YES;
				CLANG_WARN_ENUM_CONVERSION = YES;
				CLANG_WARN_INFINITE_RECURSION = YES;
				CLANG_WARN_INT_CONVERSION = YES;
				CLANG_WARN_NON_LITERAL_NULL_CONVERSION = YES;
				CLANG_WARN_OBJC_IMPLICIT_RETAIN_SELF = YES;
				CLANG_WARN_OBJC_LITERAL_CONVERSION = YES;
				CLANG_WARN_RANGE_LOOP_ANALYSIS = YES;
				CLANG_WARN_STRICT_PROTOTYPES = YES;
				CLANG_WARN_SUSPICIOUS_MOVE = YES;
				CLANG_WARN_UNREACHABLE_CODE = YES;
				CLANG_WARN__DUPLICATE_METHOD_MATCH = YES;
				COMBINE_HIDPI_IMAGES = YES;
				COPY_PHASE_STRIP = NO;
				CURRENT_PROJECT_VERSION = 1;
				DEBUG_INFORMATION_FORMAT = dwarf;
				DYLIB_INSTALL_NAME_BASE = "@rpath";
				ENABLE_NS_ASSERTIONS = YES;
				ENABLE_STRICT_OBJC_MSGSEND = YES;
				ENABLE_TESTABILITY = YES;
				GCC_NO_COMMON_BLOCKS = YES;
				GCC_OPTIMIZATION_LEVEL = 0;
				GCC_PREPROCESSOR_DEFINITIONS = (
					"DEBUG=1",
					"$(inherited)",
				);
				GCC_WARN_64_TO_32_BIT_CONVERSION = YES;
				GCC_WARN_ABOUT_RETURN_TYPE = YES;
				GCC_WARN_UNDECLARED_SELECTOR = YES;
				GCC_WARN_UNINITIALIZED_AUTOS = YES;
				GCC_WARN_UNUSED_FUNCTION = YES;
				GCC_WARN_UNUSED_VARIABLE = YES;
				IPHONEOS_DEPLOYMENT_TARGET = 8.0;
				MACOSX_DEPLOYMENT_TARGET = 10.10;
				ONLY_ACTIVE_ARCH = YES;
				OTHER_SWIFT_FLAGS = "-DXcode";
				PRODUCT_NAME = "$(TARGET_NAME)";
				SDKROOT = macosx;
				SUPPORTED_PLATFORMS = "macosx iphoneos iphonesimulator appletvos appletvsimulator watchos watchsimulator";
				SWIFT_ACTIVE_COMPILATION_CONDITIONS = "SWIFT_PACKAGE DEBUG";
				SWIFT_OPTIMIZATION_LEVEL = "-Onone";
				TVOS_DEPLOYMENT_TARGET = 9.0;
				USE_HEADERMAP = NO;
				VERSIONING_SYSTEM = "apple-generic";
				WATCHOS_DEPLOYMENT_TARGET = 2.0;
			};
			name = Debug;
		};
		OBJ_4 /* Release */ = {
			isa = XCBuildConfiguration;
			buildSettings = {
				CLANG_ENABLE_OBJC_ARC = YES;
				CLANG_WARN_BLOCK_CAPTURE_AUTORELEASING = YES;
				CLANG_WARN_BOOL_CONVERSION = YES;
				CLANG_WARN_COMMA = YES;
				CLANG_WARN_CONSTANT_CONVERSION = YES;
				CLANG_WARN_DEPRECATED_OBJC_IMPLEMENTATIONS = YES;
				CLANG_WARN_EMPTY_BODY = YES;
				CLANG_WARN_ENUM_CONVERSION = YES;
				CLANG_WARN_INFINITE_RECURSION = YES;
				CLANG_WARN_INT_CONVERSION = YES;
				CLANG_WARN_NON_LITERAL_NULL_CONVERSION = YES;
				CLANG_WARN_OBJC_IMPLICIT_RETAIN_SELF = YES;
				CLANG_WARN_OBJC_LITERAL_CONVERSION = YES;
				CLANG_WARN_RANGE_LOOP_ANALYSIS = YES;
				CLANG_WARN_STRICT_PROTOTYPES = YES;
				CLANG_WARN_SUSPICIOUS_MOVE = YES;
				CLANG_WARN_UNREACHABLE_CODE = YES;
				CLANG_WARN__DUPLICATE_METHOD_MATCH = YES;
				COMBINE_HIDPI_IMAGES = YES;
				COPY_PHASE_STRIP = YES;
				CURRENT_PROJECT_VERSION = 1;
				DEBUG_INFORMATION_FORMAT = "dwarf-with-dsym";
				DYLIB_INSTALL_NAME_BASE = "@rpath";
				ENABLE_STRICT_OBJC_MSGSEND = YES;
				GCC_NO_COMMON_BLOCKS = YES;
				GCC_OPTIMIZATION_LEVEL = s;
				GCC_WARN_64_TO_32_BIT_CONVERSION = YES;
				GCC_WARN_ABOUT_RETURN_TYPE = YES;
				GCC_WARN_UNDECLARED_SELECTOR = YES;
				GCC_WARN_UNINITIALIZED_AUTOS = YES;
				GCC_WARN_UNUSED_FUNCTION = YES;
				GCC_WARN_UNUSED_VARIABLE = YES;
				IPHONEOS_DEPLOYMENT_TARGET = 8.0;
				MACOSX_DEPLOYMENT_TARGET = 10.10;
				OTHER_SWIFT_FLAGS = "-DXcode";
				PRODUCT_NAME = "$(TARGET_NAME)";
				SDKROOT = macosx;
				SUPPORTED_PLATFORMS = "macosx iphoneos iphonesimulator appletvos appletvsimulator watchos watchsimulator";
				SWIFT_ACTIVE_COMPILATION_CONDITIONS = SWIFT_PACKAGE;
				SWIFT_OPTIMIZATION_LEVEL = "-Owholemodule";
				TVOS_DEPLOYMENT_TARGET = 9.0;
				USE_HEADERMAP = NO;
				VERSIONING_SYSTEM = "apple-generic";
				WATCHOS_DEPLOYMENT_TARGET = 2.0;
			};
			name = Release;
		};
/* End XCBuildConfiguration section */

/* Begin XCConfigurationList section */
		OBJ_147 /* Build configuration list for PBXNativeTarget "Requests" */ = {
			isa = XCConfigurationList;
			buildConfigurations = (
				OBJ_148 /* Debug */,
				OBJ_149 /* Release */,
			);
			defaultConfigurationIsVisible = 0;
			defaultConfigurationName = Release;
		};
		OBJ_168 /* Build configuration list for PBXNativeTarget "RequestsTests" */ = {
			isa = XCConfigurationList;
			buildConfigurations = (
				OBJ_169 /* Debug */,
				OBJ_170 /* Release */,
			);
			defaultConfigurationIsVisible = 0;
			defaultConfigurationName = Release;
		};
		OBJ_2 /* Build configuration list for PBXProject "Requests" */ = {
			isa = XCConfigurationList;
			buildConfigurations = (
				OBJ_3 /* Debug */,
				OBJ_4 /* Release */,
			);
			defaultConfigurationIsVisible = 0;
			defaultConfigurationName = Release;
		};
/* End XCConfigurationList section */
	};
	rootObject = OBJ_1 /* Project object */;
}
